
Microsoft Visual Studio Solution File, Format Version 12.00
# Visual Studio Version 16
VisualStudioVersion = 16.0.32228.343
MinimumVisualStudioVersion = 10.0.40219.1
Project("{FAE04EC0-301F-11D3-BF4B-00C04F79EFBC}") = "stub", "stub\stub.csproj", "{89906FDF-DFF0-4D48-B59B-0390F3742E9C}"
EndProject
Global
	GlobalSection(SolutionConfigurationPlatforms) = preSolution
		Debug|Any CPU = Debug|Any CPU
		Release|Any CPU = Release|Any CPU
	EndGlobalSection
	GlobalSection(ProjectConfigurationPlatforms) = postSolution
		{89906FDF-DFF0-4D48-B59B-0390F3742E9C}.Debug|Any CPU.ActiveCfg = Debug|Any CPU
		{89906FDF-DFF0-4D48-B59B-0390F3742E9C}.Release|Any CPU.ActiveCfg = Release|Any CPU
	EndGlobalSection
	GlobalSection(SolutionProperties) = preSolution
		HideSolutionNode = FALSE
	EndGlobalSection
	GlobalSection(ExtensibilityGlobals) = postSolution
		SolutionGuid = {4FBFDC94-5FF3-4921-9E58-CBF7AF83D86C}
	EndGlobalSection
EndGlobal
